# This file is autogenerated, do not edit; changes may be undone by the next 'dep ensure'.


[[projects]]
  digest = "1:5c1ef2b35731f69dbb50233d7f028c549a417bdf2127d2d420eedf50ff9a24e2"
  name = "github.com/dsnet/compress"
  packages = [
    ".",
    "bzip2",
    "bzip2/internal/sais",
    "internal",
    "internal/errors",
    "internal/prefix",
  ]
  pruneopts = ""
  revision = "cc9eb1d7ad760af14e8f918698f745e80377af4f"

[[projects]]
  branch = "master"
  digest = "1:1a401f283b3d719cd25d408b007ac8b6236bee4554ed3ef46061ae9ea52e82b2"
  name = "github.com/groob/plist"
  packages = ["."]
  pruneopts = ""
  revision = "a99fbe489d03c90cfeff2db2643d13916e9a3898"

[[projects]]
  digest = "1:870d441fe217b8e689d7949fef6e43efbc787e50f200cb1e70dbca9204a1d6be"
  name = "github.com/inconshreveable/mousetrap"
  packages = ["."]
  pruneopts = ""
  revision = "76626ae9c91c4f2a10f34cad8ce83ea42c93bb75"
  version = "v1.0"

[[projects]]
  digest = "1:1d7e1867c49a6dd9856598ef7c3123604ea3daabf5b83f303ff457bcbc410b1d"
  name = "github.com/pkg/errors"
  packages = ["."]
  pruneopts = ""
  revision = "ba968bfe8b2f7e042a574c888954fccecfa385b4"
  version = "v0.8.1"

[[projects]]
  digest = "1:7f569d906bdd20d906b606415b7d794f798f91a62fcfb6a4daa6d50690fb7a3f"
  name = "github.com/satori/go.uuid"
  packages = ["."]
  pruneopts = ""
  revision = "f58768cc1a7a7e77a3bd49e98cdd21419399b6a3"
  version = "v1.2.0"

[[projects]]
  digest = "1:0c63b3c7ad6d825a898f28cb854252a3b29d37700c68a117a977263f5ec94efe"
  name = "github.com/spf13/cobra"
  packages = ["."]
  pruneopts = ""
  revision = "f2b07da1e2c38d5f12845a4f607e2e1018cbb1f5"
  version = "v0.0.5"

[[projects]]
  digest = "1:cbaf13cdbfef0e4734ed8a7504f57fe893d471d62a35b982bf6fb3f036449a66"
  name = "github.com/spf13/pflag"
  packages = ["."]
  pruneopts = ""
  revision = "298182f68c66c05229eb03ac171abe6e309ee79a"
  version = "v1.0.3"

[[projects]]
  branch = "master"
  digest = "1:dcd1fb524f314a05c05d6df5aaccc8fcd42bbba445734c314aa53b618cea0a11"
  name = "github.com/w0de/gosal"
  packages = [
    "config",
    "sal",
    "version",
    "xpreports",
    "xpreports/cm",
    "xpreports/windows",
  ]
  pruneopts = ""
  revision = "7277cf6a758070102ebe756d4afb6c756e90933a"

[solve-meta]
  analyzer-name = "dep"
  analyzer-version = 1
  input-imports = [
    "github.com/dsnet/compress/bzip2",
    "github.com/groob/plist",
    "github.com/pkg/errors",
    "github.com/satori/go.uuid",
    "github.com/spf13/cobra",
    "github.com/w0de/gosal/config",
    "github.com/w0de/gosal/sal",
    "github.com/w0de/gosal/version",
    "github.com/w0de/gosal/xpreports",
    "github.com/w0de/gosal/xpreports/cm",
    "github.com/w0de/gosal/xpreports/windows",
  ]
  solver-name = "gps-cdcl"
  solver-version = 1
